
Microsoft Visual Studio Solution File, Format Version 12.00
# Visual Studio 15
VisualStudioVersion = 15.0.26228.10
MinimumVisualStudioVersion = 10.0.40219.1
Project("{2150E333-8FDC-42A3-9474-1A3956D46DE8}") = "Solution Items", "Solution Items", "{A677D33D-E0DD-499D-B69D-A342394A4245}"
	ProjectSection(SolutionItems) = preProject
		LICENSE = LICENSE
		README.md = README.md
	EndProjectSection
EndProject
Project("{9A19103F-16F7-4668-BE54-9A1E7A4F7556}") = "LtiLibrary.AspNetCore", "LtiLibrary.AspNetCore\LtiLibrary.AspNetCore.csproj", "{67B242B6-4DAD-4688-81AF-E429FA3257A2}"
EndProject
Project("{9A19103F-16F7-4668-BE54-9A1E7A4F7556}") = "LtiLibrary.NetCore", "LtiLibrary.NetCore\LtiLibrary.NetCore.csproj", "{8FE9A86F-1B16-4281-97B2-403CEE34B175}"
EndProject
Project("{FAE04EC0-301F-11D3-BF4B-00C04F79EFBC}") = "LtiLibrary.NetCore.Tests", "LtiLibrary.NetCore.Tests\LtiLibrary.NetCore.Tests.csproj", "{66F45058-8007-4DFD-AAFA-34F480AD9072}"
EndProject
Project("{FAE04EC0-301F-11D3-BF4B-00C04F79EFBC}") = "LtiLibrary.AspNetCore.Tests", "LtiLibrary.AspNetCore.Tests\LtiLibrary.AspNetCore.Tests.csproj", "{91F5C3AE-117C-4E16-A505-98E9FD00398D}"
EndProject
Global
	GlobalSection(SolutionConfigurationPlatforms) = preSolution
		Debug|Any CPU = Debug|Any CPU
		Release|Any CPU = Release|Any CPU
	EndGlobalSection
	GlobalSection(ProjectConfigurationPlatforms) = postSolution
		{67B242B6-4DAD-4688-81AF-E429FA3257A2}.Debug|Any CPU.ActiveCfg = Debug|Any CPU
		{67B242B6-4DAD-4688-81AF-E429FA3257A2}.Debug|Any CPU.Build.0 = Debug|Any CPU
		{67B242B6-4DAD-4688-81AF-E429FA3257A2}.Release|Any CPU.ActiveCfg = Release|Any CPU
		{67B242B6-4DAD-4688-81AF-E429FA3257A2}.Release|Any CPU.Build.0 = Release|Any CPU
		{8FE9A86F-1B16-4281-97B2-403CEE34B175}.Debug|Any CPU.ActiveCfg = Debug|Any CPU
		{8FE9A86F-1B16-4281-97B2-403CEE34B175}.Debug|Any CPU.Build.0 = Debug|Any CPU
		{8FE9A86F-1B16-4281-97B2-403CEE34B175}.Release|Any CPU.ActiveCfg = Release|Any CPU
		{8FE9A86F-1B16-4281-97B2-403CEE34B175}.Release|Any CPU.Build.0 = Release|Any CPU
		{66F45058-8007-4DFD-AAFA-34F480AD9072}.Debug|Any CPU.ActiveCfg = Debug|Any CPU
		{66F45058-8007-4DFD-AAFA-34F480AD9072}.Debug|Any CPU.Build.0 = Debug|Any CPU
		{66F45058-8007-4DFD-AAFA-34F480AD9072}.Release|Any CPU.ActiveCfg = Release|Any CPU
		{66F45058-8007-4DFD-AAFA-34F480AD9072}.Release|Any CPU.Build.0 = Release|Any CPU
		{91F5C3AE-117C-4E16-A505-98E9FD00398D}.Debug|Any CPU.ActiveCfg = Debug|Any CPU
		{91F5C3AE-117C-4E16-A505-98E9FD00398D}.Debug|Any CPU.Build.0 = Debug|Any CPU
		{91F5C3AE-117C-4E16-A505-98E9FD00398D}.Release|Any CPU.ActiveCfg = Release|Any CPU
		{91F5C3AE-117C-4E16-A505-98E9FD00398D}.Release|Any CPU.Build.0 = Release|Any CPU
	EndGlobalSection
	GlobalSection(SolutionProperties) = preSolution
		HideSolutionNode = FALSE
	EndGlobalSection
EndGlobal
